// !$*UTF8*$!
{
	archiveVersion = 1;
	classes = {
	};
	objectVersion = 50;
	objects = {

/* Begin PBXBuildFile section */
		2264618E2251AB1F009C8003 /* AppDelegate.swift in Sources */ = {isa = PBXBuildFile; fileRef = 2264618D2251AB1F009C8003 /* AppDelegate.swift */; };
		226461952251AB22009C8003 /* Assets.xcassets in Resources */ = {isa = PBXBuildFile; fileRef = 226461942251AB22009C8003 /* Assets.xcassets */; };
		226461982251AB22009C8003 /* LaunchScreen.storyboard in Resources */ = {isa = PBXBuildFile; fileRef = 226461962251AB22009C8003 /* LaunchScreen.storyboard */; };
		226461A02251ABE5009C8003 /* HealthKitManager.swift in Sources */ = {isa = PBXBuildFile; fileRef = 2264619F2251ABE5009C8003 /* HealthKitManager.swift */; };
		226461A32251AC1B009C8003 /* HealthKit.framework in Frameworks */ = {isa = PBXBuildFile; fileRef = 226461A22251AC1B009C8003 /* HealthKit.framework */; };
		226461A82251D627009C8003 /* NotificationVC.swift in Sources */ = {isa = PBXBuildFile; fileRef = 226461A62251D627009C8003 /* NotificationVC.swift */; };
		226461A92251D627009C8003 /* NotificationVC.xib in Resources */ = {isa = PBXBuildFile; fileRef = 226461A72251D627009C8003 /* NotificationVC.xib */; };
		22EB910622544DE200215BCE /* StepCountingVC.swift in Sources */ = {isa = PBXBuildFile; fileRef = 22EB910422544DE200215BCE /* StepCountingVC.swift */; };
		22EB910722544DE200215BCE /* StepCountingVC.xib in Resources */ = {isa = PBXBuildFile; fileRef = 22EB910522544DE200215BCE /* StepCountingVC.xib */; };
		22EB910C2254665600215BCE /* StepInfoCell.swift in Sources */ = {isa = PBXBuildFile; fileRef = 22EB910A2254665600215BCE /* StepInfoCell.swift */; };
		22EB910D2254665600215BCE /* StepInfoCell.xib in Resources */ = {isa = PBXBuildFile; fileRef = 22EB910B2254665600215BCE /* StepInfoCell.xib */; };
		8BD7F4748099C66117BE651B /* Pods_DemoHealthKit.framework in Frameworks */ = {isa = PBXBuildFile; fileRef = 31982771404BB5207EBC6210 /* Pods_DemoHealthKit.framework */; };
/* End PBXBuildFile section */

/* Begin PBXFileReference section */
		10F9663E7FA4586E3B046BE3 /* Pods-DemoHealthKit.debug.xcconfig */ = {isa = PBXFileReference; includeInIndex = 1; lastKnownFileType = text.xcconfig; name = "Pods-DemoHealthKit.debug.xcconfig"; path = "Target Support Files/Pods-DemoHealthKit/Pods-DemoHealthKit.debug.xcconfig"; sourceTree = "<group>"; };
		2264618A2251AB1F009C8003 /* DemoHealthKit.app */ = {isa = PBXFileReference; explicitFileType = wrapper.application; includeInIndex = 0; path = DemoHealthKit.app; sourceTree = BUILT_PRODUCTS_DIR; };
		2264618D2251AB1F009C8003 /* AppDelegate.swift */ = {isa = PBXFileReference; lastKnownFileType = sourcecode.swift; path = AppDelegate.swift; sourceTree = "<group>"; };
		226461942251AB22009C8003 /* Assets.xcassets */ = {isa = PBXFileReference; lastKnownFileType = folder.assetcatalog; path = Assets.xcassets; sourceTree = "<group>"; };
		226461972251AB22009C8003 /* Base */ = {isa = PBXFileReference; lastKnownFileType = file.storyboard; name = Base; path = Base.lproj/LaunchScreen.storyboard; sourceTree = "<group>"; };
		226461992251AB22009C8003 /* Info.plist */ = {isa = PBXFileReference; lastKnownFileType = text.plist.xml; path = Info.plist; sourceTree = "<group>"; };
		2264619F2251ABE5009C8003 /* HealthKitManager.swift */ = {isa = PBXFileReference; lastKnownFileType = sourcecode.swift; path = HealthKitManager.swift; sourceTree = "<group>"; };
		226461A12251AC1B009C8003 /* DemoHealthKit.entitlements */ = {isa = PBXFileReference; lastKnownFileType = text.plist.entitlements; path = DemoHealthKit.entitlements; sourceTree = "<group>"; };
		226461A22251AC1B009C8003 /* HealthKit.framework */ = {isa = PBXFileReference; lastKnownFileType = wrapper.framework; name = HealthKit.framework; path = System/Library/Frameworks/HealthKit.framework; sourceTree = SDKROOT; };
		226461A62251D627009C8003 /* NotificationVC.swift */ = {isa = PBXFileReference; lastKnownFileType = sourcecode.swift; path = NotificationVC.swift; sourceTree = "<group>"; };
		226461A72251D627009C8003 /* NotificationVC.xib */ = {isa = PBXFileReference; lastKnownFileType = file.xib; path = NotificationVC.xib; sourceTree = "<group>"; };
		22EB910422544DE200215BCE /* StepCountingVC.swift */ = {isa = PBXFileReference; lastKnownFileType = sourcecode.swift; path = StepCountingVC.swift; sourceTree = "<group>"; };
		22EB910522544DE200215BCE /* StepCountingVC.xib */ = {isa = PBXFileReference; lastKnownFileType = file.xib; path = StepCountingVC.xib; sourceTree = "<group>"; };
		22EB910A2254665600215BCE /* StepInfoCell.swift */ = {isa = PBXFileReference; lastKnownFileType = sourcecode.swift; path = StepInfoCell.swift; sourceTree = "<group>"; };
		22EB910B2254665600215BCE /* StepInfoCell.xib */ = {isa = PBXFileReference; lastKnownFileType = file.xib; path = StepInfoCell.xib; sourceTree = "<group>"; };
		31982771404BB5207EBC6210 /* Pods_DemoHealthKit.framework */ = {isa = PBXFileReference; explicitFileType = wrapper.framework; includeInIndex = 0; path = Pods_DemoHealthKit.framework; sourceTree = BUILT_PRODUCTS_DIR; };
		85A2CF02591FA2489A7D23B4 /* Pods-DemoHealthKit.release.xcconfig */ = {isa = PBXFileReference; includeInIndex = 1; lastKnownFileType = text.xcconfig; name = "Pods-DemoHealthKit.release.xcconfig"; path = "Target Support Files/Pods-DemoHealthKit/Pods-DemoHealthKit.release.xcconfig"; sourceTree = "<group>"; };
/* End PBXFileReference section */

/* Begin PBXFrameworksBuildPhase section */
		226461872251AB1F009C8003 /* Frameworks */ = {
			isa = PBXFrameworksBuildPhase;
			buildActionMask = 2147483647;
			files = (
				8BD7F4748099C66117BE651B /* Pods_DemoHealthKit.framework in Frameworks */,
				226461A32251AC1B009C8003 /* HealthKit.framework in Frameworks */,
			);
			runOnlyForDeploymentPostprocessing = 0;
		};
/* End PBXFrameworksBuildPhase section */

/* Begin PBXGroup section */
		226461812251AB1F009C8003 = {
			isa = PBXGroup;
			children = (
				2264618C2251AB1F009C8003 /* DemoHealthKit */,
				2264618B2251AB1F009C8003 /* Products */,
				67C0FE42EC0A0F119F822F0E /* Pods */,
				63EA48F03BBE012121413C8D /* Frameworks */,
			);
			sourceTree = "<group>";
		};
		2264618B2251AB1F009C8003 /* Products */ = {
			isa = PBXGroup;
			children = (
				2264618A2251AB1F009C8003 /* DemoHealthKit.app */,
			);
			name = Products;
			sourceTree = "<group>";
		};
		2264618C2251AB1F009C8003 /* DemoHealthKit */ = {
			isa = PBXGroup;
			children = (
				22EB910322544DC000215BCE /* CoreMotion */,
				22EB910222544DB300215BCE /* HealthKit */,
				22EB910122544DA700215BCE /* Notification */,
				226461A12251AC1B009C8003 /* DemoHealthKit.entitlements */,
				2264618D2251AB1F009C8003 /* AppDelegate.swift */,
				226461942251AB22009C8003 /* Assets.xcassets */,
				226461962251AB22009C8003 /* LaunchScreen.storyboard */,
				226461992251AB22009C8003 /* Info.plist */,
			);
			path = DemoHealthKit;
			sourceTree = "<group>";
		};
		22EB910122544DA700215BCE /* Notification */ = {
			isa = PBXGroup;
			children = (
				226461A62251D627009C8003 /* NotificationVC.swift */,
				226461A72251D627009C8003 /* NotificationVC.xib */,
			);
			path = Notification;
			sourceTree = "<group>";
		};
		22EB910222544DB300215BCE /* HealthKit */ = {
			isa = PBXGroup;
			children = (
				2264619F2251ABE5009C8003 /* HealthKitManager.swift */,
			);
			path = HealthKit;
			sourceTree = "<group>";
		};
		22EB910322544DC000215BCE /* CoreMotion */ = {
			isa = PBXGroup;
			children = (
				22EB910422544DE200215BCE /* StepCountingVC.swift */,
				22EB910522544DE200215BCE /* StepCountingVC.xib */,
				22EB910A2254665600215BCE /* StepInfoCell.swift */,
				22EB910B2254665600215BCE /* StepInfoCell.xib */,
			);
			path = CoreMotion;
			sourceTree = "<group>";
		};
		63EA48F03BBE012121413C8D /* Frameworks */ = {
			isa = PBXGroup;
			children = (
				226461A22251AC1B009C8003 /* HealthKit.framework */,
				31982771404BB5207EBC6210 /* Pods_DemoHealthKit.framework */,
			);
			name = Frameworks;
			sourceTree = "<group>";
		};
		67C0FE42EC0A0F119F822F0E /* Pods */ = {
			isa = PBXGroup;
			children = (
				10F9663E7FA4586E3B046BE3 /* Pods-DemoHealthKit.debug.xcconfig */,
				85A2CF02591FA2489A7D23B4 /* Pods-DemoHealthKit.release.xcconfig */,
			);
			path = Pods;
			sourceTree = "<group>";
		};
/* End PBXGroup section */

/* Begin PBXNativeTarget section */
		226461892251AB1F009C8003 /* DemoHealthKit */ = {
			isa = PBXNativeTarget;
			buildConfigurationList = 2264619C2251AB22009C8003 /* Build configuration list for PBXNativeTarget "DemoHealthKit" */;
			buildPhases = (
				71F645D0EE05067AB020B03D /* [CP] Check Pods Manifest.lock */,
				226461862251AB1F009C8003 /* Sources */,
				226461872251AB1F009C8003 /* Frameworks */,
				226461882251AB1F009C8003 /* Resources */,
				CCE97827CC617B852A5460C2 /* [CP] Embed Pods Frameworks */,
			);
			buildRules = (
			);
			dependencies = (
			);
			name = DemoHealthKit;
			productName = DemoHealthKit;
			productReference = 2264618A2251AB1F009C8003 /* DemoHealthKit.app */;
			productType = "com.apple.product-type.application";
		};
/* End PBXNativeTarget section */

/* Begin PBXProject section */
		226461822251AB1F009C8003 /* Project object */ = {
			isa = PBXProject;
			attributes = {
				LastSwiftUpdateCheck = 1010;
				LastUpgradeCheck = 1010;
				ORGANIZATIONNAME = "Tam Nguyen M.";
				TargetAttributes = {
					226461892251AB1F009C8003 = {
						CreatedOnToolsVersion = 10.1;
						SystemCapabilities = {
							com.apple.BackgroundModes = {
								enabled = 1;
							};
							com.apple.HealthKit = {
								enabled = 1;
							};
						};
					};
				};
			};
			buildConfigurationList = 226461852251AB1F009C8003 /* Build configuration list for PBXProject "DemoHealthKit" */;
			compatibilityVersion = "Xcode 9.3";
			developmentRegion = en;
			hasScannedForEncodings = 0;
			knownRegions = (
				en,
				Base,
			);
			mainGroup = 226461812251AB1F009C8003;
			productRefGroup = 2264618B2251AB1F009C8003 /* Products */;
			projectDirPath = "";
			projectRoot = "";
			targets = (
				226461892251AB1F009C8003 /* DemoHealthKit */,
			);
		};
/* End PBXProject section */

/* Begin PBXResourcesBuildPhase section */
		226461882251AB1F009C8003 /* Resources */ = {
			isa = PBXResourcesBuildPhase;
			buildActionMask = 2147483647;
			files = (
				226461982251AB22009C8003 /* LaunchScreen.storyboard in Resources */,
				226461952251AB22009C8003 /* Assets.xcassets in Resources */,
				226461A92251D627009C8003 /* NotificationVC.xib in Resources */,
				22EB910D2254665600215BCE /* StepInfoCell.xib in Resources */,
				22EB910722544DE200215BCE /* StepCountingVC.xib in Resources */,
			);
			runOnlyForDeploymentPostprocessing = 0;
		};
/* End PBXResourcesBuildPhase section */

/* Begin PBXShellScriptBuildPhase section */
		71F645D0EE05067AB020B03D /* [CP] Check Pods Manifest.lock */ = {
			isa = PBXShellScriptBuildPhase;
			buildActionMask = 2147483647;
			files = (
			);
			inputFileListPaths = (
			);
			inputPaths = (
				"${PODS_PODFILE_DIR_PATH}/Podfile.lock",
				"${PODS_ROOT}/Manifest.lock",
			);
			name = "[CP] Check Pods Manifest.lock";
			outputFileListPaths = (
			);
			outputPaths = (
				"$(DERIVED_FILE_DIR)/Pods-DemoHealthKit-checkManifestLockResult.txt",
			);
			runOnlyForDeploymentPostprocessing = 0;
			shellPath = /bin/sh;
			shellScript = "diff \"${PODS_PODFILE_DIR_PATH}/Podfile.lock\" \"${PODS_ROOT}/Manifest.lock\" > /dev/null\nif [ $? != 0 ] ; then\n    # print error to STDERR\n    echo \"error: The sandbox is not in sync with the Podfile.lock. Run 'pod install' or update your CocoaPods installation.\" >&2\n    exit 1\nfi\n# This output is used by Xcode 'outputs' to avoid re-running this script phase.\necho \"SUCCESS\" > \"${SCRIPT_OUTPUT_FILE_0}\"\n";
			showEnvVarsInLog = 0;
		};
		CCE97827CC617B852A5460C2 /* [CP] Embed Pods Frameworks */ = {
			isa = PBXShellScriptBuildPhase;
			buildActionMask = 2147483647;
			files = (
			);
			inputFileListPaths = (
			);
			inputPaths = (
				"${PODS_ROOT}/Target Support Files/Pods-DemoHealthKit/Pods-DemoHealthKit-frameworks.sh",
				"${BUILT_PRODUCTS_DIR}/SwiftDate/SwiftDate.framework",
			);
			name = "[CP] Embed Pods Frameworks";
			outputFileListPaths = (
			);
			outputPaths = (
				"${TARGET_BUILD_DIR}/${FRAMEWORKS_FOLDER_PATH}/SwiftDate.framework",
			);
			runOnlyForDeploymentPostprocessing = 0;
			shellPath = /bin/sh;
			shellScript = "\"${PODS_ROOT}/Target Support Files/Pods-DemoHealthKit/Pods-DemoHealthKit-frameworks.sh\"\n";
			showEnvVarsInLog = 0;
		};
/* End PBXShellScriptBuildPhase section */

/* Begin PBXSourcesBuildPhase section */
		226461862251AB1F009C8003 /* Sources */ = {
			isa = PBXSourcesBuildPhase;
			buildActionMask = 2147483647;
			files = (
				2264618E2251AB1F009C8003 /* AppDelegate.swift in Sources */,
				226461A82251D627009C8003 /* NotificationVC.swift in Sources */,
				22EB910C2254665600215BCE /* StepInfoCell.swift in Sources */,
				226461A02251ABE5009C8003 /* HealthKitManager.swift in Sources */,
				22EB910622544DE200215BCE /* StepCountingVC.swift in Sources */,
			);
			runOnlyForDeploymentPostprocessing = 0;
		};
/* End PBXSourcesBuildPhase section */

/* Begin PBXVariantGroup section */
		226461962251AB22009C8003 /* LaunchScreen.storyboard */ = {
			isa = PBXVariantGroup;
			children = (
				226461972251AB22009C8003 /* Base */,
			);
			name = LaunchScreen.storyboard;
			sourceTree = "<group>";
		};
/* End PBXVariantGroup section */

/* Begin XCBuildConfiguration section */
		2264619A2251AB22009C8003 /* Debug */ = {
			isa = XCBuildConfiguration;
			buildSettings = {
				ALWAYS_SEARCH_USER_PATHS = NO;
				CLANG_ANALYZER_NONNULL = YES;
				CLANG_ANALYZER_NUMBER_OBJECT_CONVERSION = YES_AGGRESSIVE;
				CLANG_CXX_LANGUAGE_STANDARD = "gnu++14";
				CLANG_CXX_LIBRARY = "libc++";
				CLANG_ENABLE_MODULES = YES;
				CLANG_ENABLE_OBJC_ARC = YES;
				CLANG_ENABLE_OBJC_WEAK = YES;
				CLANG_WARN_BLOCK_CAPTURE_AUTORELEASING = YES;
				CLANG_WARN_BOOL_CONVERSION = YES;
				CLANG_WARN_COMMA = YES;
				CLANG_WARN_CONSTANT_CONVERSION = YES;
				CLANG_WARN_DEPRECATED_OBJC_IMPLEMENTATIONS = YES;
				CLANG_WARN_DIRECT_OBJC_ISA_USAGE = YES_ERROR;
				CLANG_WARN_DOCUMENTATION_COMMENTS = YES;
				CLANG_WARN_EMPTY_BODY = YES;
				CLANG_WARN_ENUM_CONVERSION = YES;
				CLANG_WARN_INFINITE_RECURSION = YES;
				CLANG_WARN_INT_CONVERSION = YES;
				CLANG_WARN_NON_LITERAL_NULL_CONVERSION = YES;
				CLANG_WARN_OBJC_IMPLICIT_RETAIN_SELF = YES;
				CLANG_WARN_OBJC_LITERAL_CONVERSION = YES;
				CLANG_WARN_OBJC_ROOT_CLASS = YES_ERROR;
				CLANG_WARN_RANGE_LOOP_ANALYSIS = YES;
				CLANG_WARN_STRICT_PROTOTYPES = YES;
				CLANG_WARN_SUSPICIOUS_MOVE = YES;
				CLANG_WARN_UNGUARDED_AVAILABILITY = YES_AGGRESSIVE;
				CLANG_WARN_UNREACHABLE_CODE = YES;
				CLANG_WARN__DUPLICATE_METHOD_MATCH = YES;
				CODE_SIGN_IDENTITY = "iPhone Developer";
				COPY_PHASE_STRIP = NO;
				DEBUG_INFORMATION_FORMAT = dwarf;
				ENABLE_STRICT_OBJC_MSGSEND = YES;
				ENABLE_TESTABILITY = YES;
				GCC_C_LANGUAGE_STANDARD = gnu11;
				GCC_DYNAMIC_NO_PIC = NO;
				GCC_NO_COMMON_BLOCKS = YES;
				GCC_OPTIMIZATION_LEVEL = 0;
				GCC_PREPROCESSOR_DEFINITIONS = (
					"DEBUG=1",
					"$(inherited)",
				);
				GCC_WARN_64_TO_32_BIT_CONVERSION = YES;
				GCC_WARN_ABOUT_RETURN_TYPE = YES_ERROR;
				GCC_WARN_UNDECLARED_SELECTOR = YES;
				GCC_WARN_UNINITIALIZED_AUTOS = YES_AGGRESSIVE;
				GCC_WARN_UNUSED_FUNCTION = YES;
				GCC_WARN_UNUSED_VARIABLE = YES;
				IPHONEOS_DEPLOYMENT_TARGET = 12.1;
				MTL_ENABLE_DEBUG_INFO = INCLUDE_SOURCE;
				MTL_FAST_MATH = YES;
				ONLY_ACTIVE_ARCH = YES;
				SDKROOT = iphoneos;
				SWIFT_ACTIVE_COMPILATION_CONDITIONS = DEBUG;
				SWIFT_OPTIMIZATION_LEVEL = "-Onone";
			};
			name = Debug;
		};
		2264619B2251AB22009C8003 /* Release */ = {
			isa = XCBuildConfiguration;
			buildSettings = {
				ALWAYS_SEARCH_USER_PATHS = NO;
				CLANG_ANALYZER_NONNULL = YES;
				CLANG_ANALYZER_NUMBER_OBJECT_CONVERSION = YES_AGGRESSIVE;
				CLANG_CXX_LANGUAGE_STANDARD = "gnu++14";
				CLANG_CXX_LIBRARY = "libc++";
				CLANG_ENABLE_MODULES = YES;
				CLANG_ENABLE_OBJC_ARC = YES;
				CLANG_ENABLE_OBJC_WEAK = YES;
				CLANG_WARN_BLOCK_CAPTURE_AUTORELEASING = YES;
				CLANG_WARN_BOOL_CONVERSION = YES;
				CLANG_WARN_COMMA = YES;
				CLANG_WARN_CONSTANT_CONVERSION = YES;
				CLANG_WARN_DEPRECATED_OBJC_IMPLEMENTATIONS = YES;
				CLANG_WARN_DIRECT_OBJC_ISA_USAGE = YES_ERROR;
				CLANG_WARN_DOCUMENTATION_COMMENTS = YES;
				CLANG_WARN_EMPTY_BODY = YES;
				CLANG_WARN_ENUM_CONVERSION = YES;
				CLANG_WARN_INFINITE_RECURSION = YES;
				CLANG_WARN_INT_CONVERSION = YES;
				CLANG_WARN_NON_LITERAL_NULL_CONVERSION = YES;
				CLANG_WARN_OBJC_IMPLICIT_RETAIN_SELF = YES;
				CLANG_WARN_OBJC_LITERAL_CONVERSION = YES;
				CLANG_WARN_OBJC_ROOT_CLASS = YES_ERROR;
				CLANG_WARN_RANGE_LOOP_ANALYSIS = YES;
				CLANG_WARN_STRICT_PROTOTYPES = YES;
				CLANG_WARN_SUSPICIOUS_MOVE = YES;
				CLANG_WARN_UNGUARDED_AVAILABILITY = YES_AGGRESSIVE;
				CLANG_WARN_UNREACHABLE_CODE = YES;
				CLANG_WARN__DUPLICATE_METHOD_MATCH = YES;
				CODE_SIGN_IDENTITY = "iPhone Developer";
				COPY_PHASE_STRIP = NO;
				DEBUG_INFORMATION_FORMAT = "dwarf-with-dsym";
				ENABLE_NS_ASSERTIONS = NO;
				ENABLE_STRICT_OBJC_MSGSEND = YES;
				GCC_C_LANGUAGE_STANDARD = gnu11;
				GCC_NO_COMMON_BLOCKS = YES;
				GCC_WARN_64_TO_32_BIT_CONVERSION = YES;
				GCC_WARN_ABOUT_RETURN_TYPE = YES_ERROR;
				GCC_WARN_UNDECLARED_SELECTOR = YES;
				GCC_WARN_UNINITIALIZED_AUTOS = YES_AGGRESSIVE;
				GCC_WARN_UNUSED_FUNCTION = YES;
				GCC_WARN_UNUSED_VARIABLE = YES;
				IPHONEOS_DEPLOYMENT_TARGET = 12.1;
				MTL_ENABLE_DEBUG_INFO = NO;
				MTL_FAST_MATH = YES;
				SDKROOT = iphoneos;
				SWIFT_COMPILATION_MODE = wholemodule;
				SWIFT_OPTIMIZATION_LEVEL = "-O";
				VALIDATE_PRODUCT = YES;
			};
			name = Release;
		};
		2264619D2251AB22009C8003 /* Debug */ = {
			isa = XCBuildConfiguration;
			baseConfigurationReference = 10F9663E7FA4586E3B046BE3 /* Pods-DemoHealthKit.debug.xcconfig */;
			buildSettings = {
				ASSETCATALOG_COMPILER_APPICON_NAME = AppIcon;
				CODE_SIGN_ENTITLEMENTS = DemoHealthKit/DemoHealthKit.entitlements;
				CODE_SIGN_STYLE = Automatic;
				DEVELOPMENT_TEAM = D4Q882ZZC3;
				INFOPLIST_FILE = DemoHealthKit/Info.plist;
				IPHONEOS_DEPLOYMENT_TARGET = 11.0;
				LD_RUNPATH_SEARCH_PATHS = (
					"$(inherited)",
					"@executable_path/Frameworks",
				);
				PRODUCT_BUNDLE_IDENTIFIER = dev.t8m.DemoHealthKit;
				PRODUCT_NAME = "$(TARGET_NAME)";
				SWIFT_VERSION = 4.2;
				TARGETED_DEVICE_FAMILY = "1,2";
			};
			name = Debug;
		};
		2264619E2251AB22009C8003 /* Release */ = {
			isa = XCBuildConfiguration;
			baseConfigurationReference = 85A2CF02591FA2489A7D23B4 /* Pods-DemoHealthKit.release.xcconfig */;
			buildSettings = {
				ASSETCATALOG_COMPILER_APPICON_NAME = AppIcon;
				CODE_SIGN_ENTITLEMENTS = DemoHealthKit/DemoHealthKit.entitlements;
				CODE_SIGN_STYLE = Automatic;
				DEVELOPMENT_TEAM = D4Q882ZZC3;
				INFOPLIST_FILE = DemoHealthKit/Info.plist;
				IPHONEOS_DEPLOYMENT_TARGET = 11.0;
				LD_RUNPATH_SEARCH_PATHS = (
					"$(inherited)",
					"@executable_path/Frameworks",
				);
				PRODUCT_BUNDLE_IDENTIFIER = dev.t8m.DemoHealthKit;
				PRODUCT_NAME = "$(TARGET_NAME)";
				SWIFT_VERSION = 4.2;
				TARGETED_DEVICE_FAMILY = "1,2";
			};
			name = Release;
		};
/* End XCBuildConfiguration section */

/* Begin XCConfigurationList section */
		226461852251AB1F009C8003 /* Build configuration list for PBXProject "DemoHealthKit" */ = {
			isa = XCConfigurationList;
			buildConfigurations = (
				2264619A2251AB22009C8003 /* Debug */,
				2264619B2251AB22009C8003 /* Release */,
			);
			defaultConfigurationIsVisible = 0;
			defaultConfigurationName = Release;
		};
		2264619C2251AB22009C8003 /* Build configuration list for PBXNativeTarget "DemoHealthKit" */ = {
			isa = XCConfigurationList;
			buildConfigurations = (
				2264619D2251AB22009C8003 /* Debug */,
				2264619E2251AB22009C8003 /* Release */,
			);
			defaultConfigurationIsVisible = 0;
			defaultConfigurationName = Release;
		};
/* End XCConfigurationList section */
	};
	rootObject = 226461822251AB1F009C8003 /* Project object */;
}
